
Microsoft Visual Studio Solution File, Format Version 12.00
# Visual Studio Version 17
VisualStudioVersion = 17.0.31919.166
MinimumVisualStudioVersion = 10.0.40219.1
Project("{FAE04EC0-301F-11D3-BF4B-00C04F79EFBC}") = "QR-coder", "QR-coder\QR-coder.csproj", "{8A5CBD4C-842D-4392-BD30-A739D3F5E8FC}"
EndProject
Global
	GlobalSection(SolutionConfigurationPlatforms) = preSolution
		Debug|Any CPU = Debug|Any CPU
		Release|Any CPU = Release|Any CPU
	EndGlobalSection
	GlobalSection(ProjectConfigurationPlatforms) = postSolution
		{8A5CBD4C-842D-4392-BD30-A739D3F5E8FC}.Debug|Any CPU.ActiveCfg = Debug|Any CPU
		{8A5CBD4C-842D-4392-BD30-A739D3F5E8FC}.Debug|Any CPU.Build.0 = Debug|Any CPU
		{8A5CBD4C-842D-4392-BD30-A739D3F5E8FC}.Release|Any CPU.ActiveCfg = Release|Any CPU
		{8A5CBD4C-842D-4392-BD30-A739D3F5E8FC}.Release|Any CPU.Build.0 = Release|Any CPU
	EndGlobalSection
	GlobalSection(SolutionProperties) = preSolution
		HideSolutionNode = FALSE
	EndGlobalSection
	GlobalSection(ExtensibilityGlobals) = postSolution
		SolutionGuid = {EEEB5556-F38B-461C-822F-2E22DFDFA793}
	EndGlobalSection
EndGlobal
